{
  "nodes": {
    "nixpkgs": {
      "locked": {
        "lastModified": 1779560665,
        "narHash": "sha256-tpyBcxPpcQb8ukyNF7DoCwfSY3VPsxHoYwj00Cayv5o=",
        "owner": "NixOS",
        "repo": "nixpkgs",
        "rev": "64c08a7ca051951c8eae34e3e3cb1e202fe36786",
        "type": "github"
      },
      "original": {
        "id": "nixpkgs",
        "ref": "nixos-unstable",
        "type": "indirect"
      }
    },
    "root": {
      "inputs": {
        "nixpkgs": "nixpkgs",
        "silentSDDM": "silentSDDM",
        "zen-browser": "zen-browser"
      }
    },
    "silentSDDM": {
      "inputs": {
        "nixpkgs": [
          "nixpkgs"
        ]
      },
      "locked": {
        "lastModified": 1779116225,
        "narHash": "sha256-o5jyK9JA8qru3Cn4drCo/JN2lizTE9x7jRymwSL6jRk=",
        "owner": "uiriansan",
        "repo": "SilentSDDM",
        "rev": "d7c812cbcb3206c0ea780a84463a7e9a625d1d67",
        "type": "github"
      },
      "original": {
        "owner": "uiriansan",
        "repo": "SilentSDDM",
        "type": "github"
      }
    },
    "zen-browser": {
      "inputs": {
        "nixpkgs": [
          "nixpkgs"
        ]
      },
      "locked": {
        "lastModified": 1779773014,
        "narHash": "sha256-4bQ5dL7zbP2vKu5kfsEJICxGG3ATsOW7sP2QvaXGkHM=",
        "owner": "youwen5",
        "repo": "zen-browser-flake",
        "rev": "3ff570b75cf068b0f25d0c2b3a77a0e546a4067b",
        "type": "github"
      },
      "original": {
        "owner": "youwen5",
        "repo": "zen-browser-flake",
        "type": "github"
      }
    }
  },
  "root": "root",
  "version": 7
}
